
Microsoft Visual Studio Solution File, Format Version 12.00
# Visual Studio Version 17
VisualStudioVersion = 17.8.34322.80
MinimumVisualStudioVersion = 10.0.40219.1
Project("{9A19103F-16F7-4668-BE54-9A1E7A4F7556}") = "Playable_Piano", "Playable_Piano.csproj", "{3BF9D01A-CCE4-426D-932C-61C80702AA62}"
EndProject
Global
	GlobalSection(SolutionConfigurationPlatforms) = preSolution
		Debug|Any CPU = Debug|Any CPU
		Release|Any CPU = Release|Any CPU
	EndGlobalSection
	GlobalSection(ProjectConfigurationPlatforms) = postSolution
		{3BF9D01A-CCE4-426D-932C-61C80702AA62}.Debug|Any CPU.ActiveCfg = Debug|Any CPU
		{3BF9D01A-CCE4-426D-932C-61C80702AA62}.Debug|Any CPU.Build.0 = Debug|Any CPU
		{3BF9D01A-CCE4-426D-932C-61C80702AA62}.Release|Any CPU.ActiveCfg = Release|Any CPU
		{3BF9D01A-CCE4-426D-932C-61C80702AA62}.Release|Any CPU.Build.0 = Release|Any CPU
	EndGlobalSection
	GlobalSection(SolutionProperties) = preSolution
		HideSolutionNode = FALSE
	EndGlobalSection
	GlobalSection(ExtensibilityGlobals) = postSolution
		SolutionGuid = {BC667487-59B7-43A5-BB9E-064EF68D403D}
	EndGlobalSection
EndGlobal
